
Microsoft Visual Studio Solution File, Format Version 12.00
# Visual Studio 14
VisualStudioVersion = 14.0.25420.1
MinimumVisualStudioVersion = 10.0.40219.1
Project("{2150E333-8FDC-42A3-9474-1A3956D46DE8}") = "src", "src", "{7FA56B23-A28C-49A2-AB04-23BD0F485DA6}"
EndProject
Project("{2150E333-8FDC-42A3-9474-1A3956D46DE8}") = "Solution Items", "Solution Items", "{51164FA9-5214-4542-9C74-02D57E956F97}"
	ProjectSection(SolutionItems) = preProject
		.travis.yml = .travis.yml
		appveyor.yml = appveyor.yml
		global.json = global.json
		NuGet.config = NuGet.config
	EndProjectSection
EndProject
Project("{8BB2217D-0F2D-49D1-97BC-3654ED321F3B}") = "Channels", "src\Channels\Channels.xproj", "{D6B28FC7-8D6D-4E9E-962F-9505D7C0E958}"
EndProject
Project("{2150E333-8FDC-42A3-9474-1A3956D46DE8}") = "samples", "samples", "{5C457C3C-ED7C-4B4E-9E02-0655F8CE6EFE}"
EndProject
Project("{8BB2217D-0F2D-49D1-97BC-3654ED321F3B}") = "Channels.Samples", "samples\Channels.Samples\Channels.Samples.xproj", "{3DCB0F92-51AE-493E-A1B6-5B42449EA2BD}"
EndProject
Project("{8BB2217D-0F2D-49D1-97BC-3654ED321F3B}") = "Channels.Networking.Libuv", "src\Channels.Networking.Libuv\Channels.Networking.Libuv.xproj", "{11D6B886-A303-4D13-BCA8-A917D5740FB6}"
EndProject
Project("{8BB2217D-0F2D-49D1-97BC-3654ED321F3B}") = "Channels.Networking.Windows.RIO", "src\Channels.Networking.Windows.RIO\Channels.Networking.Windows.RIO.xproj", "{86A0B10D-8C7A-4B20-A033-D6F679454E30}"
EndProject
Project("{8BB2217D-0F2D-49D1-97BC-3654ED321F3B}") = "Channels.Text.Primitives", "src\Channels.Text.Primitives\Channels.Text.Primitives.xproj", "{A98068AE-C895-4B1F-ADCB-60C70C64F118}"
EndProject
Project("{2150E333-8FDC-42A3-9474-1A3956D46DE8}") = "test", "test", "{B0C65C7D-4E97-4AD9-9613-17F3987DE626}"
EndProject
Project("{8BB2217D-0F2D-49D1-97BC-3654ED321F3B}") = "Channels.Tests", "test\Channels.Tests\Channels.Tests.xproj", "{B9967782-565B-4B0B-97B9-043E35022674}"
EndProject
Project("{8BB2217D-0F2D-49D1-97BC-3654ED321F3B}") = "Channels.Networking.Sockets", "src\Channels.Networking.Sockets\Channels.Networking.Sockets.xproj", "{1932E4B5-A40E-4EEF-AD8F-012DC01F5E5F}"
EndProject
Project("{8BB2217D-0F2D-49D1-97BC-3654ED321F3B}") = "Channels.Networking.TLS", "src\Channels.Networking.TLS\Channels.Networking.TLS.xproj", "{1E6093FF-2AB6-4D28-B1C5-AAF5BF2DE8C6}"
EndProject
Project("{8BB2217D-0F2D-49D1-97BC-3654ED321F3B}") = "Channels.Compression", "src\Channels.Compression\Channels.Compression.xproj", "{4FD538A6-423F-4554-AF10-427A959CA9D3}"
EndProject
Project("{8BB2217D-0F2D-49D1-97BC-3654ED321F3B}") = "Channels.File", "src\Channels.File\Channels.File.xproj", "{8DE69699-BAE7-4186-B452-27923928A0B1}"
EndProject
Global
	GlobalSection(SolutionConfigurationPlatforms) = preSolution
		Debug|Any CPU = Debug|Any CPU
		Release|Any CPU = Release|Any CPU
	EndGlobalSection
	GlobalSection(ProjectConfigurationPlatforms) = postSolution
		{D6B28FC7-8D6D-4E9E-962F-9505D7C0E958}.Debug|Any CPU.ActiveCfg = Debug|Any CPU
		{D6B28FC7-8D6D-4E9E-962F-9505D7C0E958}.Debug|Any CPU.Build.0 = Debug|Any CPU
		{D6B28FC7-8D6D-4E9E-962F-9505D7C0E958}.Release|Any CPU.ActiveCfg = Release|Any CPU
		{D6B28FC7-8D6D-4E9E-962F-9505D7C0E958}.Release|Any CPU.Build.0 = Release|Any CPU
		{3DCB0F92-51AE-493E-A1B6-5B42449EA2BD}.Debug|Any CPU.ActiveCfg = Debug|Any CPU
		{3DCB0F92-51AE-493E-A1B6-5B42449EA2BD}.Debug|Any CPU.Build.0 = Debug|Any CPU
		{3DCB0F92-51AE-493E-A1B6-5B42449EA2BD}.Release|Any CPU.ActiveCfg = Release|Any CPU
		{3DCB0F92-51AE-493E-A1B6-5B42449EA2BD}.Release|Any CPU.Build.0 = Release|Any CPU
		{11D6B886-A303-4D13-BCA8-A917D5740FB6}.Debug|Any CPU.ActiveCfg = Debug|Any CPU
		{11D6B886-A303-4D13-BCA8-A917D5740FB6}.Debug|Any CPU.Build.0 = Debug|Any CPU
		{11D6B886-A303-4D13-BCA8-A917D5740FB6}.Release|Any CPU.ActiveCfg = Release|Any CPU
		{11D6B886-A303-4D13-BCA8-A917D5740FB6}.Release|Any CPU.Build.0 = Release|Any CPU
		{86A0B10D-8C7A-4B20-A033-D6F679454E30}.Debug|Any CPU.ActiveCfg = Debug|Any CPU
		{86A0B10D-8C7A-4B20-A033-D6F679454E30}.Debug|Any CPU.Build.0 = Debug|Any CPU
		{86A0B10D-8C7A-4B20-A033-D6F679454E30}.Release|Any CPU.ActiveCfg = Release|Any CPU
		{86A0B10D-8C7A-4B20-A033-D6F679454E30}.Release|Any CPU.Build.0 = Release|Any CPU
		{A98068AE-C895-4B1F-ADCB-60C70C64F118}.Debug|Any CPU.ActiveCfg = Debug|Any CPU
		{A98068AE-C895-4B1F-ADCB-60C70C64F118}.Debug|Any CPU.Build.0 = Debug|Any CPU
		{A98068AE-C895-4B1F-ADCB-60C70C64F118}.Release|Any CPU.ActiveCfg = Release|Any CPU
		{A98068AE-C895-4B1F-ADCB-60C70C64F118}.Release|Any CPU.Build.0 = Release|Any CPU
		{B9967782-565B-4B0B-97B9-043E35022674}.Debug|Any CPU.ActiveCfg = Debug|Any CPU
		{B9967782-565B-4B0B-97B9-043E35022674}.Debug|Any CPU.Build.0 = Debug|Any CPU
		{B9967782-565B-4B0B-97B9-043E35022674}.Release|Any CPU.ActiveCfg = Release|Any CPU
		{B9967782-565B-4B0B-97B9-043E35022674}.Release|Any CPU.Build.0 = Release|Any CPU
		{1932E4B5-A40E-4EEF-AD8F-012DC01F5E5F}.Debug|Any CPU.ActiveCfg = Debug|Any CPU
		{1932E4B5-A40E-4EEF-AD8F-012DC01F5E5F}.Debug|Any CPU.Build.0 = Debug|Any CPU
		{1932E4B5-A40E-4EEF-AD8F-012DC01F5E5F}.Release|Any CPU.ActiveCfg = Release|Any CPU
		{1932E4B5-A40E-4EEF-AD8F-012DC01F5E5F}.Release|Any CPU.Build.0 = Release|Any CPU
		{1E6093FF-2AB6-4D28-B1C5-AAF5BF2DE8C6}.Debug|Any CPU.ActiveCfg = Debug|Any CPU
		{1E6093FF-2AB6-4D28-B1C5-AAF5BF2DE8C6}.Debug|Any CPU.Build.0 = Debug|Any CPU
		{1E6093FF-2AB6-4D28-B1C5-AAF5BF2DE8C6}.Release|Any CPU.ActiveCfg = Release|Any CPU
		{1E6093FF-2AB6-4D28-B1C5-AAF5BF2DE8C6}.Release|Any CPU.Build.0 = Release|Any CPU
		{4FD538A6-423F-4554-AF10-427A959CA9D3}.Debug|Any CPU.ActiveCfg = Debug|Any CPU
		{4FD538A6-423F-4554-AF10-427A959CA9D3}.Debug|Any CPU.Build.0 = Debug|Any CPU
		{4FD538A6-423F-4554-AF10-427A959CA9D3}.Release|Any CPU.ActiveCfg = Release|Any CPU
		{4FD538A6-423F-4554-AF10-427A959CA9D3}.Release|Any CPU.Build.0 = Release|Any CPU
		{8DE69699-BAE7-4186-B452-27923928A0B1}.Debug|Any CPU.ActiveCfg = Debug|Any CPU
		{8DE69699-BAE7-4186-B452-27923928A0B1}.Debug|Any CPU.Build.0 = Debug|Any CPU
		{8DE69699-BAE7-4186-B452-27923928A0B1}.Release|Any CPU.ActiveCfg = Release|Any CPU
		{8DE69699-BAE7-4186-B452-27923928A0B1}.Release|Any CPU.Build.0 = Release|Any CPU
	EndGlobalSection
	GlobalSection(SolutionProperties) = preSolution
		HideSolutionNode = FALSE
	EndGlobalSection
	GlobalSection(NestedProjects) = preSolution
		{D6B28FC7-8D6D-4E9E-962F-9505D7C0E958} = {7FA56B23-A28C-49A2-AB04-23BD0F485DA6}
		{3DCB0F92-51AE-493E-A1B6-5B42449EA2BD} = {5C457C3C-ED7C-4B4E-9E02-0655F8CE6EFE}
		{11D6B886-A303-4D13-BCA8-A917D5740FB6} = {7FA56B23-A28C-49A2-AB04-23BD0F485DA6}
		{86A0B10D-8C7A-4B20-A033-D6F679454E30} = {7FA56B23-A28C-49A2-AB04-23BD0F485DA6}
		{A98068AE-C895-4B1F-ADCB-60C70C64F118} = {7FA56B23-A28C-49A2-AB04-23BD0F485DA6}
		{B9967782-565B-4B0B-97B9-043E35022674} = {B0C65C7D-4E97-4AD9-9613-17F3987DE626}
		{1932E4B5-A40E-4EEF-AD8F-012DC01F5E5F} = {7FA56B23-A28C-49A2-AB04-23BD0F485DA6}
		{1E6093FF-2AB6-4D28-B1C5-AAF5BF2DE8C6} = {7FA56B23-A28C-49A2-AB04-23BD0F485DA6}
		{4FD538A6-423F-4554-AF10-427A959CA9D3} = {7FA56B23-A28C-49A2-AB04-23BD0F485DA6}
		{8DE69699-BAE7-4186-B452-27923928A0B1} = {7FA56B23-A28C-49A2-AB04-23BD0F485DA6}
	EndGlobalSection
EndGlobal
